// !$*UTF8*$!
{
	archiveVersion = 1;
	classes = {
	};
	objectVersion = 55;
	objects = {

/* Begin PBXBuildFile section */
		65156C1327902233004211A0 /* Assets.xcassets in Resources */ = {isa = PBXBuildFile; fileRef = 65156C1227902233004211A0 /* Assets.xcassets */; };
		65156C1627902233004211A0 /* Main.storyboard in Resources */ = {isa = PBXBuildFile; fileRef = 65156C1427902233004211A0 /* Main.storyboard */; };
		65156C1827902233004211A0 /* main.cpp in Sources */ = {isa = PBXBuildFile; fileRef = 65156C1727902233004211A0 /* main.cpp */; };
		65405DD428745EF700453591 /* ppu_render_test.cpp in Sources */ = {isa = PBXBuildFile; fileRef = 65405DD328745EF700453591 /* ppu_render_test.cpp */; };
		65ADF1CE279023BD00D83639 /* SDL2.framework in Frameworks */ = {isa = PBXBuildFile; fileRef = 65ADF1CC2790235000D83639 /* SDL2.framework */; };
		65ADF1CF279023BD00D83639 /* SDL2.framework in Copy Bundle Frameworks */ = {isa = PBXBuildFile; fileRef = 65ADF1CC2790235000D83639 /* SDL2.framework */; settings = {ATTRIBUTES = (RemoveHeadersOnCopy, ); }; };
		65ADF1EC2791588A00D83639 /* main.cpp in Sources */ = {isa = PBXBuildFile; fileRef = 65ADF1EB2791588A00D83639 /* main.cpp */; };
		65ADF21F27924BFD00D83639 /* cpu.cpp in Sources */ = {isa = PBXBuildFile; fileRef = 65ADF1E227902D8800D83639 /* cpu.cpp */; };
		65ADF22527924C2000D83639 /* libinstructions.a in Frameworks */ = {isa = PBXBuildFile; fileRef = 65ADF21427924BDE00D83639 /* libinstructions.a */; };
		65ADF22627924C2E00D83639 /* registers.cpp in Sources */ = {isa = PBXBuildFile; fileRef = 65ADF1DF2790296300D83639 /* registers.cpp */; };
		65ADF2282792521200D83639 /* cpu_test.cpp in Sources */ = {isa = PBXBuildFile; fileRef = 65ADF2272792521200D83639 /* cpu_test.cpp */; };
		65ADF22B2792660E00D83639 /* memory.cpp in Sources */ = {isa = PBXBuildFile; fileRef = 65ADF2292792660E00D83639 /* memory.cpp */; };
		65ADF22C2792660E00D83639 /* memory.hpp in Headers */ = {isa = PBXBuildFile; fileRef = 65ADF22A2792660E00D83639 /* memory.hpp */; };
		65ADF2332792DF7800D83639 /* instruction_utils.cpp in Sources */ = {isa = PBXBuildFile; fileRef = 65ADF2312792DF7800D83639 /* instruction_utils.cpp */; };
		65ADF2342792DF7800D83639 /* instruction_utils.hpp in Headers */ = {isa = PBXBuildFile; fileRef = 65ADF2322792DF7800D83639 /* instruction_utils.hpp */; };
		65ADF2362792E00000D83639 /* util_test.cpp in Sources */ = {isa = PBXBuildFile; fileRef = 65ADF2352792E00000D83639 /* util_test.cpp */; };
		65ADF23C2798176100D83639 /* instructions_opcodes.cpp in Sources */ = {isa = PBXBuildFile; fileRef = 65ADF23A2798176100D83639 /* instructions_opcodes.cpp */; };
		65ADF2402799789000D83639 /* cartridge.cpp in Sources */ = {isa = PBXBuildFile; fileRef = 65ADF23E2799789000D83639 /* cartridge.cpp */; };
		65ADF2412799789000D83639 /* cartridge.hpp in Headers */ = {isa = PBXBuildFile; fileRef = 65ADF23F2799789000D83639 /* cartridge.hpp */; };
		65ADF247279A74A600D83639 /* cart_test.cpp in Sources */ = {isa = PBXBuildFile; fileRef = 65ADF246279A74A600D83639 /* cart_test.cpp */; };
		65ADF249279BD93B00D83639 /* integration_test.cpp in Sources */ = {isa = PBXBuildFile; fileRef = 65ADF248279BD93B00D83639 /* integration_test.cpp */; };
		65ADF24C27ACF07400D83639 /* ppu.cpp in Sources */ = {isa = PBXBuildFile; fileRef = 65ADF24A27ACF07400D83639 /* ppu.cpp */; };
		65ADF24D27ACF07400D83639 /* ppu.hpp in Headers */ = {isa = PBXBuildFile; fileRef = 65ADF24B27ACF07400D83639 /* ppu.hpp */; };
		65ADF24F27AF656400D83639 /* interrupt_test.cpp in Sources */ = {isa = PBXBuildFile; fileRef = 65ADF24E27AF656400D83639 /* interrupt_test.cpp */; };
		65CDF893286D7BC900FDE793 /* ppu_test.cpp in Sources */ = {isa = PBXBuildFile; fileRef = 65CDF891286D7BC900FDE793 /* ppu_test.cpp */; };
		65CDF896287026E700FDE793 /* ppu_render.cpp in Sources */ = {isa = PBXBuildFile; fileRef = 65CDF894287026E700FDE793 /* ppu_render.cpp */; };
/* End PBXBuildFile section */

/* Begin PBXContainerItemProxy section */
		65ADF22027924C1300D83639 /* PBXContainerItemProxy */ = {
			isa = PBXContainerItemProxy;
			containerPortal = 65156BFA27902232004211A0 /* Project object */;
			proxyType = 1;
			remoteGlobalIDString = 65ADF21327924BDE00D83639;
			remoteInfo = instructions;
		};
		65ADF22227924C1900D83639 /* PBXContainerItemProxy */ = {
			isa = PBXContainerItemProxy;
			containerPortal = 65156BFA27902232004211A0 /* Project object */;
			proxyType = 1;
			remoteGlobalIDString = 65ADF21327924BDE00D83639;
			remoteInfo = instructions;
		};
/* End PBXContainerItemProxy section */

/* Begin PBXCopyFilesBuildPhase section */
		65ADF1D0279023BD00D83639 /* Copy Bundle Frameworks */ = {
			isa = PBXCopyFilesBuildPhase;
			buildActionMask = 2147483647;
			dstPath = "";
			dstSubfolderSpec = 10;
			files = (
				65ADF1CF279023BD00D83639 /* SDL2.framework in Copy Bundle Frameworks */,
			);
			name = "Copy Bundle Frameworks";
			runOnlyForDeploymentPostprocessing = 0;
		};
		65ADF1E72791588A00D83639 /* CopyFiles */ = {
			isa = PBXCopyFilesBuildPhase;
			buildActionMask = 2147483647;
			dstPath = /usr/share/man/man1/;
			dstSubfolderSpec = 0;
			files = (
			);
			runOnlyForDeploymentPostprocessing = 1;
		};
/* End PBXCopyFilesBuildPhase section */

/* Begin PBXFileReference section */
		65156C0227902232004211A0 /* nes_emu.app */ = {isa = PBXFileReference; explicitFileType = wrapper.application; includeInIndex = 0; path = nes_emu.app; sourceTree = BUILT_PRODUCTS_DIR; };
		65156C1227902233004211A0 /* Assets.xcassets */ = {isa = PBXFileReference; lastKnownFileType = folder.assetcatalog; path = Assets.xcassets; sourceTree = "<group>"; };
		65156C1527902233004211A0 /* Base */ = {isa = PBXFileReference; lastKnownFileType = file.storyboard; name = Base; path = Base.lproj/Main.storyboard; sourceTree = "<group>"; };
		65156C1727902233004211A0 /* main.cpp */ = {isa = PBXFileReference; lastKnownFileType = sourcecode.cpp.cpp; path = main.cpp; sourceTree = "<group>"; };
		65156C1927902233004211A0 /* nes_emu.entitlements */ = {isa = PBXFileReference; lastKnownFileType = text.plist.entitlements; path = nes_emu.entitlements; sourceTree = "<group>"; };
		65405DD328745EF700453591 /* ppu_render_test.cpp */ = {isa = PBXFileReference; lastKnownFileType = sourcecode.cpp.cpp; path = ppu_render_test.cpp; sourceTree = "<group>"; };
		65ADF1CC2790235000D83639 /* SDL2.framework */ = {isa = PBXFileReference; lastKnownFileType = wrapper.framework; path = SDL2.framework; sourceTree = "<group>"; };
		65ADF1DF2790296300D83639 /* registers.cpp */ = {isa = PBXFileReference; lastKnownFileType = sourcecode.cpp.cpp; path = registers.cpp; sourceTree = "<group>"; };
		65ADF1E02790296300D83639 /* registers.hpp */ = {isa = PBXFileReference; lastKnownFileType = sourcecode.cpp.h; path = registers.hpp; sourceTree = "<group>"; };
		65ADF1E227902D8800D83639 /* cpu.cpp */ = {isa = PBXFileReference; lastKnownFileType = sourcecode.cpp.cpp; path = cpu.cpp; sourceTree = "<group>"; };
		65ADF1E327902D8800D83639 /* cpu.hpp */ = {isa = PBXFileReference; lastKnownFileType = sourcecode.cpp.h; path = cpu.hpp; sourceTree = "<group>"; };
		65ADF1E92791588A00D83639 /* nes_emu-tests */ = {isa = PBXFileReference; explicitFileType = "compiled.mach-o.executable"; includeInIndex = 0; path = "nes_emu-tests"; sourceTree = BUILT_PRODUCTS_DIR; };
		65ADF1EB2791588A00D83639 /* main.cpp */ = {isa = PBXFileReference; lastKnownFileType = sourcecode.cpp.cpp; path = main.cpp; sourceTree = "<group>"; };
		65ADF21427924BDE00D83639 /* libinstructions.a */ = {isa = PBXFileReference; explicitFileType = archive.ar; includeInIndex = 0; path = libinstructions.a; sourceTree = BUILT_PRODUCTS_DIR; };
		65ADF2272792521200D83639 /* cpu_test.cpp */ = {isa = PBXFileReference; lastKnownFileType = sourcecode.cpp.cpp; path = cpu_test.cpp; sourceTree = "<group>"; };
		65ADF2292792660E00D83639 /* memory.cpp */ = {isa = PBXFileReference; lastKnownFileType = sourcecode.cpp.cpp; path = memory.cpp; sourceTree = "<group>"; };
		65ADF22A2792660E00D83639 /* memory.hpp */ = {isa = PBXFileReference; lastKnownFileType = sourcecode.cpp.h; path = memory.hpp; sourceTree = "<group>"; };
		65ADF2312792DF7800D83639 /* instruction_utils.cpp */ = {isa = PBXFileReference; lastKnownFileType = sourcecode.cpp.cpp; path = instruction_utils.cpp; sourceTree = "<group>"; };
		65ADF2322792DF7800D83639 /* instruction_utils.hpp */ = {isa = PBXFileReference; lastKnownFileType = sourcecode.cpp.h; path = instruction_utils.hpp; sourceTree = "<group>"; };
		65ADF2352792E00000D83639 /* util_test.cpp */ = {isa = PBXFileReference; lastKnownFileType = sourcecode.cpp.cpp; path = util_test.cpp; sourceTree = "<group>"; };
		65ADF23A2798176100D83639 /* instructions_opcodes.cpp */ = {isa = PBXFileReference; lastKnownFileType = sourcecode.cpp.cpp; path = instructions_opcodes.cpp; sourceTree = "<group>"; };
		65ADF23E2799789000D83639 /* cartridge.cpp */ = {isa = PBXFileReference; lastKnownFileType = sourcecode.cpp.cpp; path = cartridge.cpp; sourceTree = "<group>"; };
		65ADF23F2799789000D83639 /* cartridge.hpp */ = {isa = PBXFileReference; lastKnownFileType = sourcecode.cpp.h; path = cartridge.hpp; sourceTree = "<group>"; };
		65ADF243279A748F00D83639 /* nestest.log */ = {isa = PBXFileReference; fileEncoding = 4; lastKnownFileType = text; path = nestest.log; sourceTree = "<group>"; };
		65ADF244279A748F00D83639 /* nestest.txt */ = {isa = PBXFileReference; fileEncoding = 4; lastKnownFileType = text; path = nestest.txt; sourceTree = "<group>"; };
		65ADF245279A749000D83639 /* nestest.nes */ = {isa = PBXFileReference; lastKnownFileType = file; path = nestest.nes; sourceTree = "<group>"; };
		65ADF246279A74A600D83639 /* cart_test.cpp */ = {isa = PBXFileReference; lastKnownFileType = sourcecode.cpp.cpp; path = cart_test.cpp; sourceTree = "<group>"; };
		65ADF248279BD93B00D83639 /* integration_test.cpp */ = {isa = PBXFileReference; lastKnownFileType = sourcecode.cpp.cpp; path = integration_test.cpp; sourceTree = "<group>"; };
		65ADF24A27ACF07400D83639 /* ppu.cpp */ = {isa = PBXFileReference; lastKnownFileType = sourcecode.cpp.cpp; path = ppu.cpp; sourceTree = "<group>"; };
		65ADF24B27ACF07400D83639 /* ppu.hpp */ = {isa = PBXFileReference; lastKnownFileType = sourcecode.cpp.h; path = ppu.hpp; sourceTree = "<group>"; };
		65ADF24E27AF656400D83639 /* interrupt_test.cpp */ = {isa = PBXFileReference; lastKnownFileType = sourcecode.cpp.cpp; path = interrupt_test.cpp; sourceTree = "<group>"; };
		65CDF891286D7BC900FDE793 /* ppu_test.cpp */ = {isa = PBXFileReference; lastKnownFileType = sourcecode.cpp.cpp; path = ppu_test.cpp; sourceTree = "<group>"; };
		65CDF894287026E700FDE793 /* ppu_render.cpp */ = {isa = PBXFileReference; lastKnownFileType = sourcecode.cpp.cpp; path = ppu_render.cpp; sourceTree = "<group>"; };
/* End PBXFileReference section */

/* Begin PBXFrameworksBuildPhase section */
		65156BFF27902232004211A0 /* Frameworks */ = {
			isa = PBXFrameworksBuildPhase;
			buildActionMask = 2147483647;
			files = (
				65ADF1CE279023BD00D83639 /* SDL2.framework in Frameworks */,
			);
			runOnlyForDeploymentPostprocessing = 0;
		};
		65ADF1E62791588A00D83639 /* Frameworks */ = {
			isa = PBXFrameworksBuildPhase;
			buildActionMask = 2147483647;
			files = (
				65ADF22527924C2000D83639 /* libinstructions.a in Frameworks */,
			);
			runOnlyForDeploymentPostprocessing = 0;
		};
		65ADF21227924BDE00D83639 /* Frameworks */ = {
			isa = PBXFrameworksBuildPhase;
			buildActionMask = 2147483647;
			files = (
			);
			runOnlyForDeploymentPostprocessing = 0;
		};
/* End PBXFrameworksBuildPhase section */

/* Begin PBXGroup section */
		65156BF927902232004211A0 = {
			isa = PBXGroup;
			children = (
				65ADF1CB2790233500D83639 /* 3rdParty */,
				65156C0427902232004211A0 /* nes_emu */,
				65ADF1EA2791588A00D83639 /* nes_emu-tests */,
				65ADF21527924BDE00D83639 /* instructions */,
				65156C0327902232004211A0 /* Products */,
				65ADF22427924C2000D83639 /* Frameworks */,
			);
			sourceTree = "<group>";
		};
		65156C0327902232004211A0 /* Products */ = {
			isa = PBXGroup;
			children = (
				65156C0227902232004211A0 /* nes_emu.app */,
				65ADF1E92791588A00D83639 /* nes_emu-tests */,
				65ADF21427924BDE00D83639 /* libinstructions.a */,
			);
			name = Products;
			sourceTree = "<group>";
		};
		65156C0427902232004211A0 /* nes_emu */ = {
			isa = PBXGroup;
			children = (
				65156C1227902233004211A0 /* Assets.xcassets */,
				65156C1427902233004211A0 /* Main.storyboard */,
				65156C1727902233004211A0 /* main.cpp */,
				65156C1927902233004211A0 /* nes_emu.entitlements */,
			);
			path = nes_emu;
			sourceTree = "<group>";
		};
		65ADF1CB2790233500D83639 /* 3rdParty */ = {
			isa = PBXGroup;
			children = (
				65ADF1CC2790235000D83639 /* SDL2.framework */,
			);
			path = 3rdParty;
			sourceTree = "<group>";
		};
		65ADF1EA2791588A00D83639 /* nes_emu-tests */ = {
			isa = PBXGroup;
			children = (
				65ADF242279A747900D83639 /* nestest */,
				65ADF1EB2791588A00D83639 /* main.cpp */,
				65ADF2272792521200D83639 /* cpu_test.cpp */,
				65ADF2352792E00000D83639 /* util_test.cpp */,
				65ADF246279A74A600D83639 /* cart_test.cpp */,
				65ADF248279BD93B00D83639 /* integration_test.cpp */,
				65ADF24E27AF656400D83639 /* interrupt_test.cpp */,
				65CDF891286D7BC900FDE793 /* ppu_test.cpp */,
				65405DD328745EF700453591 /* ppu_render_test.cpp */,
			);
			path = "nes_emu-tests";
			sourceTree = "<group>";
		};
		65ADF21527924BDE00D83639 /* instructions */ = {
			isa = PBXGroup;
			children = (
				65ADF1DF2790296300D83639 /* registers.cpp */,
				65ADF1E02790296300D83639 /* registers.hpp */,
				65ADF1E227902D8800D83639 /* cpu.cpp */,
				65ADF1E327902D8800D83639 /* cpu.hpp */,
				65ADF2292792660E00D83639 /* memory.cpp */,
				65ADF22A2792660E00D83639 /* memory.hpp */,
				65ADF2312792DF7800D83639 /* instruction_utils.cpp */,
				65ADF2322792DF7800D83639 /* instruction_utils.hpp */,
				65ADF23A2798176100D83639 /* instructions_opcodes.cpp */,
				65ADF23E2799789000D83639 /* cartridge.cpp */,
				65ADF23F2799789000D83639 /* cartridge.hpp */,
				65ADF24A27ACF07400D83639 /* ppu.cpp */,
				65ADF24B27ACF07400D83639 /* ppu.hpp */,
				65CDF894287026E700FDE793 /* ppu_render.cpp */,
			);
			path = instructions;
			sourceTree = "<group>";
		};
		65ADF22427924C2000D83639 /* Frameworks */ = {
			isa = PBXGroup;
			children = (
			);
			name = Frameworks;
			sourceTree = "<group>";
		};
		65ADF242279A747900D83639 /* nestest */ = {
			isa = PBXGroup;
			children = (
				65ADF243279A748F00D83639 /* nestest.log */,
				65ADF245279A749000D83639 /* nestest.nes */,
				65ADF244279A748F00D83639 /* nestest.txt */,
			);
			path = nestest;
			sourceTree = "<group>";
		};
/* End PBXGroup section */

/* Begin PBXHeadersBuildPhase section */
		65ADF21027924BDE00D83639 /* Headers */ = {
			isa = PBXHeadersBuildPhase;
			buildActionMask = 2147483647;
			files = (
				65ADF2412799789000D83639 /* cartridge.hpp in Headers */,
				65ADF22C2792660E00D83639 /* memory.hpp in Headers */,
				65ADF24D27ACF07400D83639 /* ppu.hpp in Headers */,
				65ADF2342792DF7800D83639 /* instruction_utils.hpp in Headers */,
			);
			runOnlyForDeploymentPostprocessing = 0;
		};
/* End PBXHeadersBuildPhase section */

/* Begin PBXNativeTarget section */
		65156C0127902232004211A0 /* nes_emu */ = {
			isa = PBXNativeTarget;
			buildConfigurationList = 65156C1C27902233004211A0 /* Build configuration list for PBXNativeTarget "nes_emu" */;
			buildPhases = (
				65156BFE27902232004211A0 /* Sources */,
				65156BFF27902232004211A0 /* Frameworks */,
				65156C0027902232004211A0 /* Resources */,
				65ADF1D0279023BD00D83639 /* Copy Bundle Frameworks */,
			);
			buildRules = (
			);
			dependencies = (
				65ADF22127924C1300D83639 /* PBXTargetDependency */,
			);
			name = nes_emu;
			productName = nes_emu;
			productReference = 65156C0227902232004211A0 /* nes_emu.app */;
			productType = "com.apple.product-type.application";
		};
		65ADF1E82791588A00D83639 /* nes_emu-tests */ = {
			isa = PBXNativeTarget;
			buildConfigurationList = 65ADF1ED2791588A00D83639 /* Build configuration list for PBXNativeTarget "nes_emu-tests" */;
			buildPhases = (
				65ADF1E52791588A00D83639 /* Sources */,
				65ADF1E62791588A00D83639 /* Frameworks */,
				65ADF1E72791588A00D83639 /* CopyFiles */,
			);
			buildRules = (
			);
			dependencies = (
				65ADF22327924C1900D83639 /* PBXTargetDependency */,
			);
			name = "nes_emu-tests";
			productName = "nes_emu-tests";
			productReference = 65ADF1E92791588A00D83639 /* nes_emu-tests */;
			productType = "com.apple.product-type.tool";
		};
		65ADF21327924BDE00D83639 /* instructions */ = {
			isa = PBXNativeTarget;
			buildConfigurationList = 65ADF21C27924BDE00D83639 /* Build configuration list for PBXNativeTarget "instructions" */;
			buildPhases = (
				65ADF21027924BDE00D83639 /* Headers */,
				65ADF21127924BDE00D83639 /* Sources */,
				65ADF21227924BDE00D83639 /* Frameworks */,
			);
			buildRules = (
			);
			dependencies = (
			);
			name = instructions;
			productName = instructions;
			productReference = 65ADF21427924BDE00D83639 /* libinstructions.a */;
			productType = "com.apple.product-type.library.static";
		};
/* End PBXNativeTarget section */

/* Begin PBXProject section */
		65156BFA27902232004211A0 /* Project object */ = {
			isa = PBXProject;
			attributes = {
				BuildIndependentTargetsInParallel = 1;
				LastUpgradeCheck = 1340;
				TargetAttributes = {
					65156C0127902232004211A0 = {
						CreatedOnToolsVersion = 13.2.1;
					};
					65ADF1E82791588A00D83639 = {
						CreatedOnToolsVersion = 13.2.1;
					};
					65ADF21327924BDE00D83639 = {
						CreatedOnToolsVersion = 13.2.1;
					};
				};
			};
			buildConfigurationList = 65156BFD27902232004211A0 /* Build configuration list for PBXProject "nes_emu" */;
			compatibilityVersion = "Xcode 13.0";
			developmentRegion = en;
			hasScannedForEncodings = 0;
			knownRegions = (
				en,
				Base,
			);
			mainGroup = 65156BF927902232004211A0;
			productRefGroup = 65156C0327902232004211A0 /* Products */;
			projectDirPath = "";
			projectRoot = "";
			targets = (
				65156C0127902232004211A0 /* nes_emu */,
				65ADF1E82791588A00D83639 /* nes_emu-tests */,
				65ADF21327924BDE00D83639 /* instructions */,
			);
		};
/* End PBXProject section */

/* Begin PBXResourcesBuildPhase section */
		65156C0027902232004211A0 /* Resources */ = {
			isa = PBXResourcesBuildPhase;
			buildActionMask = 2147483647;
			files = (
				65156C1327902233004211A0 /* Assets.xcassets in Resources */,
				65156C1627902233004211A0 /* Main.storyboard in Resources */,
			);
			runOnlyForDeploymentPostprocessing = 0;
		};
/* End PBXResourcesBuildPhase section */

/* Begin PBXSourcesBuildPhase section */
		65156BFE27902232004211A0 /* Sources */ = {
			isa = PBXSourcesBuildPhase;
			buildActionMask = 2147483647;
			files = (
				65156C1827902233004211A0 /* main.cpp in Sources */,
			);
			runOnlyForDeploymentPostprocessing = 0;
		};
		65ADF1E52791588A00D83639 /* Sources */ = {
			isa = PBXSourcesBuildPhase;
			buildActionMask = 2147483647;
			files = (
				65ADF249279BD93B00D83639 /* integration_test.cpp in Sources */,
				65ADF2362792E00000D83639 /* util_test.cpp in Sources */,
				65ADF2282792521200D83639 /* cpu_test.cpp in Sources */,
				65ADF1EC2791588A00D83639 /* main.cpp in Sources */,
				65ADF247279A74A600D83639 /* cart_test.cpp in Sources */,
				65CDF893286D7BC900FDE793 /* ppu_test.cpp in Sources */,
				65ADF24F27AF656400D83639 /* interrupt_test.cpp in Sources */,
				65405DD428745EF700453591 /* ppu_render_test.cpp in Sources */,
			);
			runOnlyForDeploymentPostprocessing = 0;
		};
		65ADF21127924BDE00D83639 /* Sources */ = {
			isa = PBXSourcesBuildPhase;
			buildActionMask = 2147483647;
			files = (
				65ADF22627924C2E00D83639 /* registers.cpp in Sources */,
				65ADF21F27924BFD00D83639 /* cpu.cpp in Sources */,
				65ADF24C27ACF07400D83639 /* ppu.cpp in Sources */,
				65ADF2402799789000D83639 /* cartridge.cpp in Sources */,
				65ADF23C2798176100D83639 /* instructions_opcodes.cpp in Sources */,
				65CDF896287026E700FDE793 /* ppu_render.cpp in Sources */,
				65ADF22B2792660E00D83639 /* memory.cpp in Sources */,
				65ADF2332792DF7800D83639 /* instruction_utils.cpp in Sources */,
			);
			runOnlyForDeploymentPostprocessing = 0;
		};
/* End PBXSourcesBuildPhase section */

/* Begin PBXTargetDependency section */
		65ADF22127924C1300D83639 /* PBXTargetDependency */ = {
			isa = PBXTargetDependency;
			target = 65ADF21327924BDE00D83639 /* instructions */;
			targetProxy = 65ADF22027924C1300D83639 /* PBXContainerItemProxy */;
		};
		65ADF22327924C1900D83639 /* PBXTargetDependency */ = {
			isa = PBXTargetDependency;
			target = 65ADF21327924BDE00D83639 /* instructions */;
			targetProxy = 65ADF22227924C1900D83639 /* PBXContainerItemProxy */;
		};
/* End PBXTargetDependency section */

/* Begin PBXVariantGroup section */
		65156C1427902233004211A0 /* Main.storyboard */ = {
			isa = PBXVariantGroup;
			children = (
				65156C1527902233004211A0 /* Base */,
			);
			name = Main.storyboard;
			sourceTree = "<group>";
		};
/* End PBXVariantGroup section */

/* Begin XCBuildConfiguration section */
		65156C1A27902233004211A0 /* Debug */ = {
			isa = XCBuildConfiguration;
			buildSettings = {
				ALWAYS_SEARCH_USER_PATHS = NO;
				CLANG_ANALYZER_NONNULL = YES;
				CLANG_ANALYZER_NUMBER_OBJECT_CONVERSION = YES_AGGRESSIVE;
				CLANG_CXX_LANGUAGE_STANDARD = "gnu++17";
				CLANG_CXX_LIBRARY = "libc++";
				CLANG_ENABLE_MODULES = YES;
				CLANG_ENABLE_OBJC_ARC = YES;
				CLANG_ENABLE_OBJC_WEAK = YES;
				CLANG_WARN_BLOCK_CAPTURE_AUTORELEASING = YES;
				CLANG_WARN_BOOL_CONVERSION = YES;
				CLANG_WARN_COMMA = YES;
				CLANG_WARN_CONSTANT_CONVERSION = YES;
				CLANG_WARN_DEPRECATED_OBJC_IMPLEMENTATIONS = YES;
				CLANG_WARN_DIRECT_OBJC_ISA_USAGE = YES_ERROR;
				CLANG_WARN_DOCUMENTATION_COMMENTS = YES;
				CLANG_WARN_EMPTY_BODY = YES;
				CLANG_WARN_ENUM_CONVERSION = YES;
				CLANG_WARN_INFINITE_RECURSION = YES;
				CLANG_WARN_INT_CONVERSION = YES;
				CLANG_WARN_NON_LITERAL_NULL_CONVERSION = YES;
				CLANG_WARN_OBJC_IMPLICIT_RETAIN_SELF = YES;
				CLANG_WARN_OBJC_LITERAL_CONVERSION = YES;
				CLANG_WARN_OBJC_ROOT_CLASS = YES_ERROR;
				CLANG_WARN_QUOTED_INCLUDE_IN_FRAMEWORK_HEADER = YES;
				CLANG_WARN_RANGE_LOOP_ANALYSIS = YES;
				CLANG_WARN_STRICT_PROTOTYPES = YES;
				CLANG_WARN_SUSPICIOUS_MOVE = YES;
				CLANG_WARN_UNGUARDED_AVAILABILITY = YES_AGGRESSIVE;
				CLANG_WARN_UNREACHABLE_CODE = YES;
				CLANG_WARN__DUPLICATE_METHOD_MATCH = YES;
				COPY_PHASE_STRIP = NO;
				DEBUG_INFORMATION_FORMAT = dwarf;
				ENABLE_STRICT_OBJC_MSGSEND = YES;
				ENABLE_TESTABILITY = YES;
				FRAMEWORK_SEARCH_PATHS = "$(SRCROOT)/3rdParty/";
				GCC_C_LANGUAGE_STANDARD = gnu11;
				GCC_DYNAMIC_NO_PIC = NO;
				GCC_NO_COMMON_BLOCKS = YES;
				GCC_OPTIMIZATION_LEVEL = 0;
				GCC_PREPROCESSOR_DEFINITIONS = (
					"DEBUG=1",
					"$(inherited)",
				);
				GCC_SYMBOLS_PRIVATE_EXTERN = YES;
				GCC_WARN_64_TO_32_BIT_CONVERSION = YES;
				GCC_WARN_ABOUT_RETURN_TYPE = YES_ERROR;
				GCC_WARN_UNDECLARED_SELECTOR = YES;
				GCC_WARN_UNINITIALIZED_AUTOS = YES_AGGRESSIVE;
				GCC_WARN_UNUSED_FUNCTION = YES;
				GCC_WARN_UNUSED_VARIABLE = YES;
				MACOSX_DEPLOYMENT_TARGET = 12.1;
				MTL_ENABLE_DEBUG_INFO = INCLUDE_SOURCE;
				MTL_FAST_MATH = YES;
				ONLY_ACTIVE_ARCH = YES;
				SDKROOT = macosx;
			};
			name = Debug;
		};
		65156C1B27902233004211A0 /* Release */ = {
			isa = XCBuildConfiguration;
			buildSettings = {
				ALWAYS_SEARCH_USER_PATHS = NO;
				CLANG_ANALYZER_NONNULL = YES;
				CLANG_ANALYZER_NUMBER_OBJECT_CONVERSION = YES_AGGRESSIVE;
				CLANG_CXX_LANGUAGE_STANDARD = "gnu++17";
				CLANG_CXX_LIBRARY = "libc++";
				CLANG_ENABLE_MODULES = YES;
				CLANG_ENABLE_OBJC_ARC = YES;
				CLANG_ENABLE_OBJC_WEAK = YES;
				CLANG_WARN_BLOCK_CAPTURE_AUTORELEASING = YES;
				CLANG_WARN_BOOL_CONVERSION = YES;
				CLANG_WARN_COMMA = YES;
				CLANG_WARN_CONSTANT_CONVERSION = YES;
				CLANG_WARN_DEPRECATED_OBJC_IMPLEMENTATIONS = YES;
				CLANG_WARN_DIRECT_OBJC_ISA_USAGE = YES_ERROR;
				CLANG_WARN_DOCUMENTATION_COMMENTS = YES;
				CLANG_WARN_EMPTY_BODY = YES;
				CLANG_WARN_ENUM_CONVERSION = YES;
				CLANG_WARN_INFINITE_RECURSION = YES;
				CLANG_WARN_INT_CONVERSION = YES;
				CLANG_WARN_NON_LITERAL_NULL_CONVERSION = YES;
				CLANG_WARN_OBJC_IMPLICIT_RETAIN_SELF = YES;
				CLANG_WARN_OBJC_LITERAL_CONVERSION = YES;
				CLANG_WARN_OBJC_ROOT_CLASS = YES_ERROR;
				CLANG_WARN_QUOTED_INCLUDE_IN_FRAMEWORK_HEADER = YES;
				CLANG_WARN_RANGE_LOOP_ANALYSIS = YES;
				CLANG_WARN_STRICT_PROTOTYPES = YES;
				CLANG_WARN_SUSPICIOUS_MOVE = YES;
				CLANG_WARN_UNGUARDED_AVAILABILITY = YES_AGGRESSIVE;
				CLANG_WARN_UNREACHABLE_CODE = YES;
				CLANG_WARN__DUPLICATE_METHOD_MATCH = YES;
				COPY_PHASE_STRIP = NO;
				DEBUG_INFORMATION_FORMAT = "dwarf-with-dsym";
				ENABLE_NS_ASSERTIONS = NO;
				ENABLE_STRICT_OBJC_MSGSEND = YES;
				FRAMEWORK_SEARCH_PATHS = "$(SRCROOT)/3rdParty/";
				GCC_C_LANGUAGE_STANDARD = gnu11;
				GCC_NO_COMMON_BLOCKS = YES;
				GCC_SYMBOLS_PRIVATE_EXTERN = YES;
				GCC_WARN_64_TO_32_BIT_CONVERSION = YES;
				GCC_WARN_ABOUT_RETURN_TYPE = YES_ERROR;
				GCC_WARN_UNDECLARED_SELECTOR = YES;
				GCC_WARN_UNINITIALIZED_AUTOS = YES_AGGRESSIVE;
				GCC_WARN_UNUSED_FUNCTION = YES;
				GCC_WARN_UNUSED_VARIABLE = YES;
				MACOSX_DEPLOYMENT_TARGET = 12.1;
				MTL_ENABLE_DEBUG_INFO = NO;
				MTL_FAST_MATH = YES;
				SDKROOT = macosx;
			};
			name = Release;
		};
		65156C1D27902233004211A0 /* Debug */ = {
			isa = XCBuildConfiguration;
			buildSettings = {
				ASSETCATALOG_COMPILER_APPICON_NAME = AppIcon;
				ASSETCATALOG_COMPILER_GLOBAL_ACCENT_COLOR_NAME = AccentColor;
				CODE_SIGN_ENTITLEMENTS = nes_emu/nes_emu.entitlements;
				CODE_SIGN_STYLE = Automatic;
				COMBINE_HIDPI_IMAGES = YES;
				CURRENT_PROJECT_VERSION = 1;
				FRAMEWORK_SEARCH_PATHS = (
					"$(inherited)",
					"$(PROJECT_DIR)/3rdParty",
				);
				GENERATE_INFOPLIST_FILE = YES;
				INFOPLIST_KEY_NSHumanReadableCopyright = "";
				LD_RUNPATH_SEARCH_PATHS = (
					"$(inherited)",
					"@executable_path/../Frameworks",
				);
				MARKETING_VERSION = 1.0;
				PRODUCT_BUNDLE_IDENTIFIER = "daniel.nes-emu";
				PRODUCT_NAME = "$(TARGET_NAME)";
				SWIFT_EMIT_LOC_STRINGS = YES;
			};
			name = Debug;
		};
		65156C1E27902233004211A0 /* Release */ = {
			isa = XCBuildConfiguration;
			buildSettings = {
				ASSETCATALOG_COMPILER_APPICON_NAME = AppIcon;
				ASSETCATALOG_COMPILER_GLOBAL_ACCENT_COLOR_NAME = AccentColor;
				CODE_SIGN_ENTITLEMENTS = nes_emu/nes_emu.entitlements;
				CODE_SIGN_STYLE = Automatic;
				COMBINE_HIDPI_IMAGES = YES;
				CURRENT_PROJECT_VERSION = 1;
				FRAMEWORK_SEARCH_PATHS = (
					"$(inherited)",
					"$(PROJECT_DIR)/3rdParty",
				);
				GENERATE_INFOPLIST_FILE = YES;
				INFOPLIST_KEY_NSHumanReadableCopyright = "";
				LD_RUNPATH_SEARCH_PATHS = (
					"$(inherited)",
					"@executable_path/../Frameworks",
				);
				MARKETING_VERSION = 1.0;
				PRODUCT_BUNDLE_IDENTIFIER = "daniel.nes-emu";
				PRODUCT_NAME = "$(TARGET_NAME)";
				SWIFT_EMIT_LOC_STRINGS = YES;
			};
			name = Release;
		};
		65ADF1EE2791588A00D83639 /* Debug */ = {
			isa = XCBuildConfiguration;
			buildSettings = {
				CODE_SIGN_STYLE = Automatic;
				HEADER_SEARCH_PATHS = /opt/homebrew/include;
				LIBRARY_SEARCH_PATHS = /opt/homebrew/lib;
				OTHER_LDFLAGS = (
					"-l",
					gtest,
				);
				PRODUCT_NAME = "$(TARGET_NAME)";
			};
			name = Debug;
		};
		65ADF1EF2791588A00D83639 /* Release */ = {
			isa = XCBuildConfiguration;
			buildSettings = {
				CODE_SIGN_STYLE = Automatic;
				HEADER_SEARCH_PATHS = /opt/homebrew/include;
				LIBRARY_SEARCH_PATHS = /opt/homebrew/lib;
				OTHER_LDFLAGS = (
					"-l",
					gtest,
				);
				PRODUCT_NAME = "$(TARGET_NAME)";
			};
			name = Release;
		};
		65ADF21D27924BDE00D83639 /* Debug */ = {
			isa = XCBuildConfiguration;
			buildSettings = {
				CODE_SIGN_STYLE = Automatic;
				EXECUTABLE_PREFIX = lib;
				GCC_ENABLE_CPP_EXCEPTIONS = YES;
				GCC_ENABLE_CPP_RTTI = YES;
				GCC_INLINES_ARE_PRIVATE_EXTERN = YES;
				PRODUCT_NAME = "$(TARGET_NAME)";
				SKIP_INSTALL = YES;
			};
			name = Debug;
		};
		65ADF21E27924BDE00D83639 /* Release */ = {
			isa = XCBuildConfiguration;
			buildSettings = {
				CODE_SIGN_STYLE = Automatic;
				EXECUTABLE_PREFIX = lib;
				GCC_ENABLE_CPP_EXCEPTIONS = YES;
				GCC_ENABLE_CPP_RTTI = YES;
				GCC_INLINES_ARE_PRIVATE_EXTERN = YES;
				PRODUCT_NAME = "$(TARGET_NAME)";
				SKIP_INSTALL = YES;
			};
			name = Release;
		};
/* End XCBuildConfiguration section */

/* Begin XCConfigurationList section */
		65156BFD27902232004211A0 /* Build configuration list for PBXProject "nes_emu" */ = {
			isa = XCConfigurationList;
			buildConfigurations = (
				65156C1A27902233004211A0 /* Debug */,
				65156C1B27902233004211A0 /* Release */,
			);
			defaultConfigurationIsVisible = 0;
			defaultConfigurationName = Release;
		};
		65156C1C27902233004211A0 /* Build configuration list for PBXNativeTarget "nes_emu" */ = {
			isa = XCConfigurationList;
			buildConfigurations = (
				65156C1D27902233004211A0 /* Debug */,
				65156C1E27902233004211A0 /* Release */,
			);
			defaultConfigurationIsVisible = 0;
			defaultConfigurationName = Release;
		};
		65ADF1ED2791588A00D83639 /* Build configuration list for PBXNativeTarget "nes_emu-tests" */ = {
			isa = XCConfigurationList;
			buildConfigurations = (
				65ADF1EE2791588A00D83639 /* Debug */,
				65ADF1EF2791588A00D83639 /* Release */,
			);
			defaultConfigurationIsVisible = 0;
			defaultConfigurationName = Release;
		};
		65ADF21C27924BDE00D83639 /* Build configuration list for PBXNativeTarget "instructions" */ = {
			isa = XCConfigurationList;
			buildConfigurations = (
				65ADF21D27924BDE00D83639 /* Debug */,
				65ADF21E27924BDE00D83639 /* Release */,
			);
			defaultConfigurationIsVisible = 0;
			defaultConfigurationName = Release;
		};
/* End XCConfigurationList section */
	};
	rootObject = 65156BFA27902232004211A0 /* Project object */;
}
